[[package]]
name = "attrs"
version = "23.1.0"
description = "Classes Without Boilerplate"
category = "main"
optional = false
python-versions = ">=3.7"

[package.dependencies]
importlib-metadata = {version = "*", markers = "python_version < \"3.8\""}

[package.extras]
cov = ["attrs", "coverage[toml] (>=5.3)"]
dev = ["attrs", "pre-commit"]
docs = ["furo", "myst-parser", "sphinx", "sphinx-notfound-page", "sphinxcontrib-towncrier", "towncrier", "zope-interface"]
tests = ["attrs", "zope-interface"]
tests-no-zope = ["cloudpickle", "hypothesis", "mypy (>=1.1.1)", "pympler", "pytest (>=4.3.0)", "pytest-mypy-plugins", "pytest-xdist"]

[[package]]
name = "backoff"
version = "1.3.2"
description = "Function decoration for backoff and retry"
category = "main"
optional = false
python-versions = "*"

[[package]]
name = "cached-property"
version = "1.5.2"
description = "A decorator for caching properties in classes."
category = "main"
optional = false
python-versions = "*"

[[package]]
name = "certifi"
version = "2022.12.7"
description = "Python package for providing Mozilla's CA Bundle."
category = "main"
optional = false
python-versions = ">=3.6"

[[package]]
name = "chardet"
version = "3.0.4"
description = "Universal encoding detector for Python 2 and 3"
category = "main"
optional = false
python-versions = "*"

[[package]]
name = "decorator"
version = "5.1.1"
description = "Decorators for Humans"
category = "main"
optional = false
python-versions = ">=3.5"

[[package]]
name = "idna"
version = "2.8"
description = "Internationalized Domain Names in Applications (IDNA)"
category = "main"
optional = false
python-versions = ">=2.7, !=3.0.*, !=3.1.*, !=3.2.*, !=3.3.*"

[[package]]
name = "importlib-metadata"
version = "6.6.0"
description = "Read metadata from Python packages"
category = "main"
optional = false
python-versions = ">=3.7"

[package.dependencies]
typing-extensions = {version = ">=3.6.4", markers = "python_version < \"3.8\""}
zipp = ">=0.5"

[package.extras]
docs = ["furo", "jaraco.packaging (>=9)", "jaraco.tidelift (>=1.4)", "rst.linker (>=1.9)", "sphinx (>=3.5)", "sphinx-lint"]
perf = ["ipython"]
testing = ["flake8 (<5)", "flufl.flake8", "importlib-resources (>=1.3)", "packaging", "pyfakefs", "pytest (>=6)", "pytest-black (>=0.3.7)", "pytest-checkdocs (>=2.4)", "pytest-cov", "pytest-enabler (>=1.3)", "pytest-flake8", "pytest-mypy (>=0.9.1)", "pytest-perf (>=0.9.2)"]

[[package]]
name = "isodate"
version = "0.6.1"
description = "An ISO 8601 date/time/duration parser and formatter"
category = "main"
optional = false
python-versions = "*"

[package.dependencies]
six = "*"

[[package]]
name = "jsonpath-ng"
version = "1.4.3"
description = "A final implementation of JSONPath for Python that aims to be standard compliant, including arithmetic and binary comparison operators and providing clear AST for metaprogramming."
category = "main"
optional = false
python-versions = "*"

[package.dependencies]
decorator = "*"
ply = "*"
six = "*"

[[package]]
name = "jsonschema"
version = "2.6.0"
description = "An implementation of JSON Schema validation for Python"
category = "main"
optional = false
python-versions = "*"

[package.extras]
format = ["rfc3987", "strict-rfc3339", "webcolors"]

[[package]]
name = "lxml"
version = "4.9.2"
description = "Powerful and Pythonic XML processing library combining libxml2/libxslt with the ElementTree API."
category = "main"
optional = false
python-versions = ">=2.7, !=3.0.*, !=3.1.*, !=3.2.*, !=3.3.*, != 3.4.*"

[package.extras]
cssselect = ["cssselect (>=0.7)"]
html5 = ["html5lib"]
htmlsoup = ["beautifulsoup4"]
source = ["Cython (>=0.29.7)"]

[[package]]
name = "netsuitesdk"
version = "2.7.4"
description = ""
category = "main"
optional = false
python-versions = "*"
develop = false

[package.dependencies]
zeep = "*"

[package.source]
type = "git"
url = "https://github.com/hotgluexyz/netsuite-sdk-py.git"
reference = "2.7.4"
resolved_reference = "8807aaa267b1ce56440694ef16052a76d85c0f06"

[[package]]
name = "platformdirs"
version = "3.5.0"
description = "A small Python package for determining appropriate platform-specific dirs, e.g. a \"user data dir\"."
category = "main"
optional = false
python-versions = ">=3.7"

[package.dependencies]
typing-extensions = {version = ">=4.5", markers = "python_version < \"3.8\""}

[package.extras]
docs = ["furo (>=2023.3.27)", "proselint (>=0.13)", "sphinx (>=6.1.3)", "sphinx-autodoc-typehints (>=1.23,!=1.23.4)"]
test = ["appdirs (==1.4.4)", "covdefaults (>=2.3)", "pytest (>=7.3.1)", "pytest-cov (>=4)", "pytest-mock (>=3.10)"]

[[package]]
name = "ply"
version = "3.11"
description = "Python Lex & Yacc"
category = "main"
optional = false
python-versions = "*"

[[package]]
name = "python-dateutil"
version = "2.8.2"
description = "Extensions to the standard Python datetime module"
category = "main"
optional = false
python-versions = "!=3.0.*,!=3.1.*,!=3.2.*,>=2.7"

[package.dependencies]
six = ">=1.5"

[[package]]
name = "pytz"
version = "2018.4"
description = "World timezone definitions, modern and historical"
category = "main"
optional = false
python-versions = "*"

[[package]]
name = "requests"
version = "2.21.0"
description = "Python HTTP for Humans."
category = "main"
optional = false
python-versions = ">=2.7, !=3.0.*, !=3.1.*, !=3.2.*, !=3.3.*"

[package.dependencies]
certifi = ">=2017.4.17"
chardet = ">=3.0.2,<3.1.0"
idna = ">=2.5,<2.9"
urllib3 = ">=1.21.1,<1.25"

[package.extras]
security = ["cryptography (>=1.3.4)", "idna (>=2.0.0)", "pyOpenSSL (>=0.14)"]
socks = ["PySocks (>=1.5.6,!=1.5.7)", "win-inet-pton"]

[[package]]
name = "requests-file"
version = "1.5.1"
description = "File transport adapter for Requests"
category = "main"
optional = false
python-versions = "*"

[package.dependencies]
requests = ">=1.0.0"
six = "*"

[[package]]
name = "requests-toolbelt"
version = "1.0.0"
description = "A utility belt for advanced users of python-requests"
category = "main"
optional = false
python-versions = ">=2.7, !=3.0.*, !=3.1.*, !=3.2.*, !=3.3.*"

[package.dependencies]
requests = ">=2.0.1,<3.0.0"

[[package]]
name = "simplejson"
version = "3.11.1"
description = "Simple, fast, extensible JSON encoder/decoder for Python"
category = "main"
optional = false
python-versions = "*"

[[package]]
name = "singer-python"
version = "5.3.1"
description = "Singer.io utility library"
category = "main"
optional = false
python-versions = "*"

[package.dependencies]
backoff = "1.3.2"
jsonschema = "2.6.0"
python-dateutil = ">=2.6.0"
pytz = "2018.4"
simplejson = "3.11.1"

[package.extras]
dev = ["nose", "pylint", "singer-tools"]

[[package]]
name = "six"
version = "1.16.0"
description = "Python 2 and 3 compatibility utilities"
category = "main"
optional = false
python-versions = ">=2.7, !=3.0.*, !=3.1.*, !=3.2.*"

[[package]]
name = "typing-extensions"
version = "4.5.0"
description = "Backported and Experimental Type Hints for Python 3.7+"
category = "main"
optional = false
python-versions = ">=3.7"

[[package]]
name = "urllib3"
version = "1.24.3"
description = "HTTP library with thread-safe connection pooling, file post, and more."
category = "main"
optional = false
python-versions = ">=2.7, !=3.0.*, !=3.1.*, !=3.2.*, !=3.3.*, <4"

[package.extras]
secure = ["certifi", "cryptography (>=1.3.4)", "idna (>=2.0.0)", "ipaddress", "pyOpenSSL (>=0.14)"]
socks = ["PySocks (>=1.5.6,!=1.5.7,<2.0)"]

[[package]]
name = "xmltodict"
version = "0.11.0"
description = "Makes working with XML feel like you are working with JSON"
category = "main"
optional = false
python-versions = "*"

[[package]]
name = "zeep"
version = "4.2.1"
description = "A Python SOAP client"
category = "main"
optional = false
python-versions = ">=3.7"

[package.dependencies]
attrs = ">=17.2.0"
cached-property = {version = ">=1.3.0", markers = "python_version < \"3.8\""}
isodate = ">=0.5.4"
lxml = ">=4.6.0"
platformdirs = ">=1.4.0"
pytz = "*"
requests = ">=2.7.0"
requests-file = ">=1.5.1"
requests-toolbelt = ">=0.7.1"

[package.extras]
async = ["httpx (>=0.15.0)"]
docs = ["sphinx (>=1.4.0)"]
test = ["coverage[toml] (==5.2.1)", "flake8 (==3.8.3)", "flake8-blind-except (==0.1.1)", "flake8-debugger (==3.2.1)", "flake8-imports (==0.1.1)", "freezegun (==0.3.15)", "isort (==5.3.2)", "pretend (==1.0.9)", "pytest (==6.2.5)", "pytest-asyncio", "pytest-cov (==2.8.1)", "pytest-httpx", "requests-mock (>=0.7.0)"]
xmlsec = ["xmlsec (>=0.6.1)"]

[[package]]
name = "zipp"
version = "3.15.0"
description = "Backport of pathlib-compatible object wrapper for zip files"
category = "main"
optional = false
python-versions = ">=3.7"

[package.extras]
docs = ["furo", "jaraco.packaging (>=9)", "jaraco.tidelift (>=1.4)", "rst.linker (>=1.9)", "sphinx (>=3.5)", "sphinx-lint"]
testing = ["big-o", "flake8 (<5)", "jaraco.functools", "jaraco.itertools", "more-itertools", "pytest (>=6)", "pytest-black (>=0.3.7)", "pytest-checkdocs (>=2.4)", "pytest-cov", "pytest-enabler (>=1.3)", "pytest-flake8", "pytest-mypy (>=0.9.1)"]

[metadata]
lock-version = "1.1"
python-versions = "^3.7.1"
content-hash = "b2b470ed044e7140fc62d85ef69d0d6ea2f5269f1c7ae47de1c939500cc5d32a"

[metadata.files]
attrs = [
    {file = "attrs-23.1.0-py3-none-any.whl", hash = "sha256:1f28b4522cdc2fb4256ac1a020c78acf9cba2c6b461ccd2c126f3aa8e8335d04"},
    {file = "attrs-23.1.0.tar.gz", hash = "sha256:6279836d581513a26f1bf235f9acd333bc9115683f14f7e8fae46c98fc50e015"},
]
backoff = [
    {file = "backoff-1.3.2.tar.gz", hash = "sha256:608cd3c17c7ae541fb45454cf8236271d13f3cdae932e56879f26bd737344aa8"},
]
cached-property = [
    {file = "cached-property-1.5.2.tar.gz", hash = "sha256:9fa5755838eecbb2d234c3aa390bd80fbd3ac6b6869109bfc1b499f7bd89a130"},
    {file = "cached_property-1.5.2-py2.py3-none-any.whl", hash = "sha256:df4f613cf7ad9a588cc381aaf4a512d26265ecebd5eb9e1ba12f1319eb85a6a0"},
]
certifi = [
    {file = "certifi-2022.12.7-py3-none-any.whl", hash = "sha256:4ad3232f5e926d6718ec31cfc1fcadfde020920e278684144551c91769c7bc18"},
    {file = "certifi-2022.12.7.tar.gz", hash = "sha256:35824b4c3a97115964b408844d64aa14db1cc518f6562e8d7261699d1350a9e3"},
]
chardet = [
    {file = "chardet-3.0.4-py2.py3-none-any.whl", hash = "sha256:fc323ffcaeaed0e0a02bf4d117757b98aed530d9ed4531e3e15460124c106691"},
    {file = "chardet-3.0.4.tar.gz", hash = "sha256:84ab92ed1c4d4f16916e05906b6b75a6c0fb5db821cc65e70cbd64a3e2a5eaae"},
]
decorator = [
    {file = "decorator-5.1.1-py3-none-any.whl", hash = "sha256:b8c3f85900b9dc423225913c5aace94729fe1fa9763b38939a95226f02d37186"},
    {file = "decorator-5.1.1.tar.gz", hash = "sha256:637996211036b6385ef91435e4fae22989472f9d571faba8927ba8253acbc330"},
]
idna = [
    {file = "idna-2.8-py2.py3-none-any.whl", hash = "sha256:ea8b7f6188e6fa117537c3df7da9fc686d485087abf6ac197f9c46432f7e4a3c"},
    {file = "idna-2.8.tar.gz", hash = "sha256:c357b3f628cf53ae2c4c05627ecc484553142ca23264e593d327bcde5e9c3407"},
]
importlib-metadata = [
    {file = "importlib_metadata-6.6.0-py3-none-any.whl", hash = "sha256:43dd286a2cd8995d5eaef7fee2066340423b818ed3fd70adf0bad5f1fac53fed"},
    {file = "importlib_metadata-6.6.0.tar.gz", hash = "sha256:92501cdf9cc66ebd3e612f1b4f0c0765dfa42f0fa38ffb319b6bd84dd675d705"},
]
isodate = [
    {file = "isodate-0.6.1-py2.py3-none-any.whl", hash = "sha256:0751eece944162659049d35f4f549ed815792b38793f07cf73381c1c87cbed96"},
    {file = "isodate-0.6.1.tar.gz", hash = "sha256:48c5881de7e8b0a0d648cb024c8062dc84e7b840ed81e864c7614fd3c127bde9"},
]
jsonpath-ng = [
    {file = "jsonpath-ng-1.4.3.tar.gz", hash = "sha256:b1fc75b877e9b2f46845a455fbdcfb0f0d9c727c45c19a745d02db620a9ef0be"},
    {file = "jsonpath_ng-1.4.3-py2.py3-none-any.whl", hash = "sha256:0aeb1e9f5232bb9e1b34f02b90ac51a80100b66ffc742e0b11df93ccbde82765"},
]
jsonschema = [
    {file = "jsonschema-2.6.0-py2.py3-none-any.whl", hash = "sha256:000e68abd33c972a5248544925a0cae7d1125f9bf6c58280d37546b946769a08"},
    {file = "jsonschema-2.6.0.tar.gz", hash = "sha256:6ff5f3180870836cae40f06fa10419f557208175f13ad7bc26caa77beb1f6e02"},
]
lxml = [
    {file = "lxml-4.9.2-cp27-cp27m-macosx_10_15_x86_64.whl", hash = "sha256:76cf573e5a365e790396a5cc2b909812633409306c6531a6877c59061e42c4f2"},
    {file = "lxml-4.9.2-cp27-cp27m-manylinux_2_5_i686.manylinux1_i686.whl", hash = "sha256:b1f42b6921d0e81b1bcb5e395bc091a70f41c4d4e55ba99c6da2b31626c44892"},
    {file = "lxml-4.9.2-cp27-cp27m-manylinux_2_5_x86_64.manylinux1_x86_64.whl", hash = "sha256:9f102706d0ca011de571de32c3247c6476b55bb6bc65a20f682f000b07a4852a"},
    {file = "lxml-4.9.2-cp27-cp27m-win32.whl", hash = "sha256:8d0b4612b66ff5d62d03bcaa043bb018f74dfea51184e53f067e6fdcba4bd8de"},
    {file = "lxml-4.9.2-cp27-cp27m-win_amd64.whl", hash = "sha256:4c8f293f14abc8fd3e8e01c5bd86e6ed0b6ef71936ded5bf10fe7a5efefbaca3"},
    {file = "lxml-4.9.2-cp27-cp27mu-manylinux_2_5_i686.manylinux1_i686.whl", hash = "sha256:2899456259589aa38bfb018c364d6ae7b53c5c22d8e27d0ec7609c2a1ff78b50"},
    {file = "lxml-4.9.2-cp27-cp27mu-manylinux_2_5_x86_64.manylinux1_x86_64.whl", hash = "sha256:6749649eecd6a9871cae297bffa4ee76f90b4504a2a2ab528d9ebe912b101975"},
    {file = "lxml-4.9.2-cp310-cp310-macosx_10_15_x86_64.whl", hash = "sha256:a08cff61517ee26cb56f1e949cca38caabe9ea9fbb4b1e10a805dc39844b7d5c"},
    {file = "lxml-4.9.2-cp310-cp310-manylinux_2_12_i686.manylinux2010_i686.manylinux_2_24_i686.whl", hash = "sha256:85cabf64adec449132e55616e7ca3e1000ab449d1d0f9d7f83146ed5bdcb6d8a"},
    {file = "lxml-4.9.2-cp310-cp310-manylinux_2_17_aarch64.manylinux2014_aarch64.manylinux_2_24_aarch64.whl", hash = "sha256:8340225bd5e7a701c0fa98284c849c9b9fc9238abf53a0ebd90900f25d39a4e4"},
    {file = "lxml-4.9.2-cp310-cp310-manylinux_2_17_x86_64.manylinux2014_x86_64.manylinux_2_24_x86_64.whl", hash = "sha256:1ab8f1f932e8f82355e75dda5413a57612c6ea448069d4fb2e217e9a4bed13d4"},
    {file = "lxml-4.9.2-cp310-cp310-musllinux_1_1_aarch64.whl", hash = "sha256:699a9af7dffaf67deeae27b2112aa06b41c370d5e7633e0ee0aea2e0b6c211f7"},
    {file = "lxml-4.9.2-cp310-cp310-musllinux_1_1_x86_64.whl", hash = "sha256:b9cc34af337a97d470040f99ba4282f6e6bac88407d021688a5d585e44a23184"},
    {file = "lxml-4.9.2-cp310-cp310-win32.whl", hash = "sha256:d02a5399126a53492415d4906ab0ad0375a5456cc05c3fc0fc4ca11771745cda"},
    {file = "lxml-4.9.2-cp310-cp310-win_amd64.whl", hash = "sha256:a38486985ca49cfa574a507e7a2215c0c780fd1778bb6290c21193b7211702ab"},
    {file = "lxml-4.9.2-cp311-cp311-manylinux_2_12_i686.manylinux2010_i686.manylinux_2_24_i686.whl", hash = "sha256:c83203addf554215463b59f6399835201999b5e48019dc17f182ed5ad87205c9"},
    {file = "lxml-4.9.2-cp311-cp311-manylinux_2_17_aarch64.manylinux2014_aarch64.manylinux_2_24_aarch64.whl", hash = "sha256:2a87fa548561d2f4643c99cd13131acb607ddabb70682dcf1dff5f71f781a4bf"},
    {file = "lxml-4.9.2-cp311-cp311-manylinux_2_17_x86_64.manylinux2014_x86_64.manylinux_2_24_x86_64.whl", hash = "sha256:d6b430a9938a5a5d85fc107d852262ddcd48602c120e3dbb02137c83d212b380"},
    {file = "lxml-4.9.2-cp311-cp311-musllinux_1_1_aarch64.whl", hash = "sha256:3efea981d956a6f7173b4659849f55081867cf897e719f57383698af6f618a92"},
    {file = "lxml-4.9.2-cp311-cp311-musllinux_1_1_x86_64.whl", hash = "sha256:df0623dcf9668ad0445e0558a21211d4e9a149ea8f5666917c8eeec515f0a6d1"},
    {file = "lxml-4.9.2-cp311-cp311-win32.whl", hash = "sha256:da248f93f0418a9e9d94b0080d7ebc407a9a5e6d0b57bb30db9b5cc28de1ad33"},
    {file = "lxml-4.9.2-cp311-cp311-win_amd64.whl", hash = "sha256:3818b8e2c4b5148567e1b09ce739006acfaa44ce3156f8cbbc11062994b8e8dd"},
    {file = "lxml-4.9.2-cp35-cp35m-manylinux_2_5_i686.manylinux1_i686.whl", hash = "sha256:ca989b91cf3a3ba28930a9fc1e9aeafc2a395448641df1f387a2d394638943b0"},
    {file = "lxml-4.9.2-cp35-cp35m-manylinux_2_5_x86_64.manylinux1_x86_64.whl", hash = "sha256:822068f85e12a6e292803e112ab876bc03ed1f03dddb80154c395f891ca6b31e"},
    {file = "lxml-4.9.2-cp35-cp35m-win32.whl", hash = "sha256:be7292c55101e22f2a3d4d8913944cbea71eea90792bf914add27454a13905df"},
    {file = "lxml-4.9.2-cp35-cp35m-win_amd64.whl", hash = "sha256:998c7c41910666d2976928c38ea96a70d1aa43be6fe502f21a651e17483a43c5"},
    {file = "lxml-4.9.2-cp36-cp36m-macosx_10_15_x86_64.whl", hash = "sha256:b26a29f0b7fc6f0897f043ca366142d2b609dc60756ee6e4e90b5f762c6adc53"},
    {file = "lxml-4.9.2-cp36-cp36m-manylinux_2_12_i686.manylinux2010_i686.manylinux_2_24_i686.whl", hash = "sha256:ab323679b8b3030000f2be63e22cdeea5b47ee0abd2d6a1dc0c8103ddaa56cd7"},
    {file = "lxml-4.9.2-cp36-cp36m-manylinux_2_17_aarch64.manylinux2014_aarch64.whl", hash = "sha256:689bb688a1db722485e4610a503e3e9210dcc20c520b45ac8f7533c837be76fe"},
    {file = "lxml-4.9.2-cp36-cp36m-manylinux_2_17_x86_64.manylinux2014_x86_64.manylinux_2_24_x86_64.whl", hash = "sha256:f49e52d174375a7def9915c9f06ec4e569d235ad428f70751765f48d5926678c"},
    {file = "lxml-4.9.2-cp36-cp36m-manylinux_2_5_i686.manylinux1_i686.whl", hash = "sha256:36c3c175d34652a35475a73762b545f4527aec044910a651d2bf50de9c3352b1"},
    {file = "lxml-4.9.2-cp36-cp36m-manylinux_2_5_x86_64.manylinux1_x86_64.whl", hash = "sha256:a35f8b7fa99f90dd2f5dc5a9fa12332642f087a7641289ca6c40d6e1a2637d8e"},
    {file = "lxml-4.9.2-cp36-cp36m-musllinux_1_1_aarch64.whl", hash = "sha256:58bfa3aa19ca4c0f28c5dde0ff56c520fbac6f0daf4fac66ed4c8d2fb7f22e74"},
    {file = "lxml-4.9.2-cp36-cp36m-musllinux_1_1_x86_64.whl", hash = "sha256:bc718cd47b765e790eecb74d044cc8d37d58562f6c314ee9484df26276d36a38"},
    {file = "lxml-4.9.2-cp36-cp36m-win32.whl", hash = "sha256:d5bf6545cd27aaa8a13033ce56354ed9e25ab0e4ac3b5392b763d8d04b08e0c5"},
    {file = "lxml-4.9.2-cp36-cp36m-win_amd64.whl", hash = "sha256:3ab9fa9d6dc2a7f29d7affdf3edebf6ece6fb28a6d80b14c3b2fb9d39b9322c3"},
    {file = "lxml-4.9.2-cp37-cp37m-macosx_10_15_x86_64.whl", hash = "sha256:05ca3f6abf5cf78fe053da9b1166e062ade3fa5d4f92b4ed688127ea7d7b1d03"},
    {file = "lxml-4.9.2-cp37-cp37m-manylinux_2_12_i686.manylinux2010_i686.manylinux_2_24_i686.whl", hash = "sha256:a5da296eb617d18e497bcf0a5c528f5d3b18dadb3619fbdadf4ed2356ef8d941"},
    {file = "lxml-4.9.2-cp37-cp37m-manylinux_2_17_aarch64.manylinux2014_aarch64.manylinux_2_24_aarch64.whl", hash = "sha256:04876580c050a8c5341d706dd464ff04fd597095cc8c023252566a8826505726"},
    {file = "lxml-4.9.2-cp37-cp37m-manylinux_2_17_x86_64.manylinux2014_x86_64.manylinux_2_24_x86_64.whl", hash = "sha256:c9ec3eaf616d67db0764b3bb983962b4f385a1f08304fd30c7283954e6a7869b"},
    {file = "lxml-4.9.2-cp37-cp37m-manylinux_2_5_i686.manylinux1_i686.whl", hash = "sha256:2a29ba94d065945944016b6b74e538bdb1751a1db6ffb80c9d3c2e40d6fa9894"},
    {file = "lxml-4.9.2-cp37-cp37m-manylinux_2_5_x86_64.manylinux1_x86_64.whl", hash = "sha256:a82d05da00a58b8e4c0008edbc8a4b6ec5a4bc1e2ee0fb6ed157cf634ed7fa45"},
    {file = "lxml-4.9.2-cp37-cp37m-musllinux_1_1_aarch64.whl", hash = "sha256:223f4232855ade399bd409331e6ca70fb5578efef22cf4069a6090acc0f53c0e"},
    {file = "lxml-4.9.2-cp37-cp37m-musllinux_1_1_x86_64.whl", hash = "sha256:d17bc7c2ccf49c478c5bdd447594e82692c74222698cfc9b5daae7ae7e90743b"},
    {file = "lxml-4.9.2-cp37-cp37m-win32.whl", hash = "sha256:b64d891da92e232c36976c80ed7ebb383e3f148489796d8d31a5b6a677825efe"},
    {file = "lxml-4.9.2-cp37-cp37m-win_amd64.whl", hash = "sha256:a0a336d6d3e8b234a3aae3c674873d8f0e720b76bc1d9416866c41cd9500ffb9"},
    {file = "lxml-4.9.2-cp38-cp38-macosx_10_15_x86_64.whl", hash = "sha256:da4dd7c9c50c059aba52b3524f84d7de956f7fef88f0bafcf4ad7dde94a064e8"},
    {file = "lxml-4.9.2-cp38-cp38-manylinux_2_12_i686.manylinux2010_i686.manylinux_2_24_i686.whl", hash = "sha256:821b7f59b99551c69c85a6039c65b75f5683bdc63270fec660f75da67469ca24"},
    {file = "lxml-4.9.2-cp38-cp38-manylinux_2_17_aarch64.manylinux2014_aarch64.manylinux_2_24_aarch64.whl", hash = "sha256:e5168986b90a8d1f2f9dc1b841467c74221bd752537b99761a93d2d981e04889"},
    {file = "lxml-4.9.2-cp38-cp38-manylinux_2_17_x86_64.manylinux2014_x86_64.manylinux_2_24_x86_64.whl", hash = "sha256:8e20cb5a47247e383cf4ff523205060991021233ebd6f924bca927fcf25cf86f"},
    {file = "lxml-4.9.2-cp38-cp38-manylinux_2_5_i686.manylinux1_i686.whl", hash = "sha256:13598ecfbd2e86ea7ae45ec28a2a54fb87ee9b9fdb0f6d343297d8e548392c03"},
    {file = "lxml-4.9.2-cp38-cp38-manylinux_2_5_x86_64.manylinux1_x86_64.whl", hash = "sha256:880bbbcbe2fca64e2f4d8e04db47bcdf504936fa2b33933efd945e1b429bea8c"},
    {file = "lxml-4.9.2-cp38-cp38-musllinux_1_1_aarch64.whl", hash = "sha256:7d2278d59425777cfcb19735018d897ca8303abe67cc735f9f97177ceff8027f"},
    {file = "lxml-4.9.2-cp38-cp38-musllinux_1_1_x86_64.whl", hash = "sha256:5344a43228767f53a9df6e5b253f8cdca7dfc7b7aeae52551958192f56d98457"},
    {file = "lxml-4.9.2-cp38-cp38-win32.whl", hash = "sha256:925073b2fe14ab9b87e73f9a5fde6ce6392da430f3004d8b72cc86f746f5163b"},
    {file = "lxml-4.9.2-cp38-cp38-win_amd64.whl", hash = "sha256:9b22c5c66f67ae00c0199f6055705bc3eb3fcb08d03d2ec4059a2b1b25ed48d7"},
    {file = "lxml-4.9.2-cp39-cp39-macosx_10_15_x86_64.whl", hash = "sha256:5f50a1c177e2fa3ee0667a5ab79fdc6b23086bc8b589d90b93b4bd17eb0e64d1"},
    {file = "lxml-4.9.2-cp39-cp39-manylinux_2_12_i686.manylinux2010_i686.manylinux_2_24_i686.whl", hash = "sha256:090c6543d3696cbe15b4ac6e175e576bcc3f1ccfbba970061b7300b0c15a2140"},
    {file = "lxml-4.9.2-cp39-cp39-manylinux_2_17_aarch64.manylinux2014_aarch64.manylinux_2_24_aarch64.whl", hash = "sha256:63da2ccc0857c311d764e7d3d90f429c252e83b52d1f8f1d1fe55be26827d1f4"},
    {file = "lxml-4.9.2-cp39-cp39-manylinux_2_17_x86_64.manylinux2014_x86_64.manylinux_2_24_x86_64.whl", hash = "sha256:5b4545b8a40478183ac06c073e81a5ce4cf01bf1734962577cf2bb569a5b3bbf"},
    {file = "lxml-4.9.2-cp39-cp39-manylinux_2_5_i686.manylinux1_i686.whl", hash = "sha256:2e430cd2824f05f2d4f687701144556646bae8f249fd60aa1e4c768ba7018947"},
    {file = "lxml-4.9.2-cp39-cp39-manylinux_2_5_x86_64.manylinux1_x86_64.whl", hash = "sha256:6804daeb7ef69e7b36f76caddb85cccd63d0c56dedb47555d2fc969e2af6a1a5"},
    {file = "lxml-4.9.2-cp39-cp39-musllinux_1_1_aarch64.whl", hash = "sha256:a6e441a86553c310258aca15d1c05903aaf4965b23f3bc2d55f200804e005ee5"},
    {file = "lxml-4.9.2-cp39-cp39-musllinux_1_1_x86_64.whl", hash = "sha256:ca34efc80a29351897e18888c71c6aca4a359247c87e0b1c7ada14f0ab0c0fb2"},
    {file = "lxml-4.9.2-cp39-cp39-win32.whl", hash = "sha256:6b418afe5df18233fc6b6093deb82a32895b6bb0b1155c2cdb05203f583053f1"},
    {file = "lxml-4.9.2-cp39-cp39-win_amd64.whl", hash = "sha256:f1496ea22ca2c830cbcbd473de8f114a320da308438ae65abad6bab7867fe38f"},
    {file = "lxml-4.9.2-pp37-pypy37_pp73-manylinux_2_12_i686.manylinux2010_i686.manylinux_2_24_i686.whl", hash = "sha256:b264171e3143d842ded311b7dccd46ff9ef34247129ff5bf5066123c55c2431c"},
    {file = "lxml-4.9.2-pp37-pypy37_pp73-manylinux_2_17_x86_64.manylinux2014_x86_64.manylinux_2_24_x86_64.whl", hash = "sha256:0dc313ef231edf866912e9d8f5a042ddab56c752619e92dfd3a2c277e6a7299a"},
    {file = "lxml-4.9.2-pp38-pypy38_pp73-macosx_10_15_x86_64.whl", hash = "sha256:16efd54337136e8cd72fb9485c368d91d77a47ee2d42b057564aae201257d419"},
    {file = "lxml-4.9.2-pp38-pypy38_pp73-manylinux_2_12_i686.manylinux2010_i686.manylinux_2_24_i686.whl", hash = "sha256:0f2b1e0d79180f344ff9f321327b005ca043a50ece8713de61d1cb383fb8ac05"},
    {file = "lxml-4.9.2-pp38-pypy38_pp73-manylinux_2_17_x86_64.manylinux2014_x86_64.manylinux_2_24_x86_64.whl", hash = "sha256:7b770ed79542ed52c519119473898198761d78beb24b107acf3ad65deae61f1f"},
    {file = "lxml-4.9.2-pp38-pypy38_pp73-win_amd64.whl", hash = "sha256:efa29c2fe6b4fdd32e8ef81c1528506895eca86e1d8c4657fda04c9b3786ddf9"},
    {file = "lxml-4.9.2-pp39-pypy39_pp73-macosx_10_15_x86_64.whl", hash = "sha256:7e91ee82f4199af8c43d8158024cbdff3d931df350252288f0d4ce656df7f3b5"},
    {file = "lxml-4.9.2-pp39-pypy39_pp73-manylinux_2_12_i686.manylinux2010_i686.manylinux_2_24_i686.whl", hash = "sha256:b23e19989c355ca854276178a0463951a653309fb8e57ce674497f2d9f208746"},
    {file = "lxml-4.9.2-pp39-pypy39_pp73-manylinux_2_17_x86_64.manylinux2014_x86_64.manylinux_2_24_x86_64.whl", hash = "sha256:01d36c05f4afb8f7c20fd9ed5badca32a2029b93b1750f571ccc0b142531caf7"},
    {file = "lxml-4.9.2-pp39-pypy39_pp73-win_amd64.whl", hash = "sha256:7b515674acfdcadb0eb5d00d8a709868173acece5cb0be3dd165950cbfdf5409"},
    {file = "lxml-4.9.2.tar.gz", hash = "sha256:2455cfaeb7ac70338b3257f41e21f0724f4b5b0c0e7702da67ee6c3640835b67"},
]
netsuitesdk = []
platformdirs = [
    {file = "platformdirs-3.5.0-py3-none-any.whl", hash = "sha256:47692bc24c1958e8b0f13dd727307cff1db103fca36399f457da8e05f222fdc4"},
    {file = "platformdirs-3.5.0.tar.gz", hash = "sha256:7954a68d0ba23558d753f73437c55f89027cf8f5108c19844d4b82e5af396335"},
]
ply = [
    {file = "ply-3.11-py2.py3-none-any.whl", hash = "sha256:096f9b8350b65ebd2fd1346b12452efe5b9607f7482813ffca50c22722a807ce"},
    {file = "ply-3.11.tar.gz", hash = "sha256:00c7c1aaa88358b9c765b6d3000c6eec0ba42abca5351b095321aef446081da3"},
]
python-dateutil = [
    {file = "python-dateutil-2.8.2.tar.gz", hash = "sha256:0123cacc1627ae19ddf3c27a5de5bd67ee4586fbdd6440d9748f8abb483d3e86"},
    {file = "python_dateutil-2.8.2-py2.py3-none-any.whl", hash = "sha256:961d03dc3453ebbc59dbdea9e4e11c5651520a876d0f4db161e8674aae935da9"},
]
pytz = [
    {file = "pytz-2018.4-py2.py3-none-any.whl", hash = "sha256:65ae0c8101309c45772196b21b74c46b2e5d11b6275c45d251b150d5da334555"},
    {file = "pytz-2018.4.tar.gz", hash = "sha256:c06425302f2cf668f1bba7a0a03f3c1d34d4ebeef2c72003da308b3947c7f749"},
]
requests = [
    {file = "requests-2.21.0-py2.py3-none-any.whl", hash = "sha256:7bf2a778576d825600030a110f3c0e3e8edc51dfaafe1c146e39a2027784957b"},
    {file = "requests-2.21.0.tar.gz", hash = "sha256:502a824f31acdacb3a35b6690b5fbf0bc41d63a24a45c4004352b0242707598e"},
]
requests-file = [
    {file = "requests-file-1.5.1.tar.gz", hash = "sha256:07d74208d3389d01c38ab89ef403af0cfec63957d53a0081d8eca738d0247d8e"},
    {file = "requests_file-1.5.1-py2.py3-none-any.whl", hash = "sha256:dfe5dae75c12481f68ba353183c53a65e6044c923e64c24b2209f6c7570ca953"},
]
requests-toolbelt = [
    {file = "requests-toolbelt-1.0.0.tar.gz", hash = "sha256:7681a0a3d047012b5bdc0ee37d7f8f07ebe76ab08caeccfc3921ce23c88d5bc6"},
    {file = "requests_toolbelt-1.0.0-py2.py3-none-any.whl", hash = "sha256:cccfdd665f0a24fcf4726e690f65639d272bb0637b9b92dfd91a5568ccf6bd06"},
]
simplejson = [
    {file = "simplejson-3.11.1-cp27-cp27m-win32.whl", hash = "sha256:38c2b563cd03363e7cb2bbba6c20ae4eaafd853a83954c8c8dd345ee391787bf"},
    {file = "simplejson-3.11.1-cp27-cp27m-win_amd64.whl", hash = "sha256:8d73b96a6ee7c81fd49dac7225e3846fd60b54a0b5b93a0aaea04c5a5d2e7bf2"},
    {file = "simplejson-3.11.1-cp33-cp33m-win32.whl", hash = "sha256:7f53ab6a675594f237ce7372c1edf742a6acb158149ed3259c5fffc5b613dc94"},
    {file = "simplejson-3.11.1-cp33-cp33m-win_amd64.whl", hash = "sha256:86aa9fd492230c4b8b6814fcf089b36ffba2cec4d0635c8c642135b9067ebbd7"},
    {file = "simplejson-3.11.1-cp34-cp34m-win32.whl", hash = "sha256:7df76ae6cac4a62ad5295f9a9131857077d84cb15fad2011acb2ce7410476009"},
    {file = "simplejson-3.11.1-cp34-cp34m-win_amd64.whl", hash = "sha256:a6939199c30b78ae31e62e6913f0e12cb71a4a5ad67c259e0a98688df027a5de"},
    {file = "simplejson-3.11.1-cp35-cp35m-win32.whl", hash = "sha256:11d91b88cc1e9645c79f0f6fd2961684249af963e2bbff5a00061ed4bbf55379"},
    {file = "simplejson-3.11.1-cp35-cp35m-win_amd64.whl", hash = "sha256:36b0de42e3a8a51086c339cc803f6ac7a9d1d5254066d680956a195ca12cf0d8"},
    {file = "simplejson-3.11.1.tar.gz", hash = "sha256:01a22d49ddd9a168b136f26cac87d9a335660ce07aa5c630b8e3607d6f4325e7"},
    {file = "simplejson-3.11.1.win-amd64-py2.7.exe", hash = "sha256:1975e6b621fe1c2b9321c56476e8ebe1b851006517c1d67041b378950374694c"},
    {file = "simplejson-3.11.1.win-amd64-py3.3.exe", hash = "sha256:f60f01b16215568a08611eb6a4d61d76c4173c3d69aac9cad593777056c284d5"},
    {file = "simplejson-3.11.1.win-amd64-py3.4.exe", hash = "sha256:6be48181337ac5f5d9f48c9c504f317e245519318992122a05c40e482a721d59"},
    {file = "simplejson-3.11.1.win-amd64-py3.5.exe", hash = "sha256:8ae8cdcbe49e29ddfdae0ab81c1f6c070706d18fcee86371352d0d54b47ad8ec"},
    {file = "simplejson-3.11.1.win32-py2.7.exe", hash = "sha256:ebbd52b59948350ad66205e66b299fcca0e0821ed275c21262c522f4a6cea9d2"},
    {file = "simplejson-3.11.1.win32-py3.3.exe", hash = "sha256:2dc7fb8c0c0ff9483ce31b93b700b1fa60aca9d099e6aca9813f28ff131ccf59"},
    {file = "simplejson-3.11.1.win32-py3.4.exe", hash = "sha256:97cc43ef4cb18a2725f6e26d22b96f8ca50872a195bde32707dcb284f89c1d4d"},
    {file = "simplejson-3.11.1.win32-py3.5.exe", hash = "sha256:c76d55d78dc8b06c96fd08c6cc5e2b0b650799627d3f9ca4ad23f40db72d5f6d"},
]
singer-python = [
    {file = "singer-python-5.3.1.tar.gz", hash = "sha256:6354db1d47d596719a296a9a1cc8d29b6fc216e9482dc763d9f23707ff5e039f"},
]
six = [
    {file = "six-1.16.0-py2.py3-none-any.whl", hash = "sha256:8abb2f1d86890a2dfb989f9a77cfcfd3e47c2a354b01111771326f8aa26e0254"},
    {file = "six-1.16.0.tar.gz", hash = "sha256:1e61c37477a1626458e36f7b1d82aa5c9b094fa4802892072e49de9c60c4c926"},
]
typing-extensions = [
    {file = "typing_extensions-4.5.0-py3-none-any.whl", hash = "sha256:fb33085c39dd998ac16d1431ebc293a8b3eedd00fd4a32de0ff79002c19511b4"},
    {file = "typing_extensions-4.5.0.tar.gz", hash = "sha256:5cb5f4a79139d699607b3ef622a1dedafa84e115ab0024e0d9c044a9479ca7cb"},
]
urllib3 = [
    {file = "urllib3-1.24.3-py2.py3-none-any.whl", hash = "sha256:a637e5fae88995b256e3409dc4d52c2e2e0ba32c42a6365fee8bbd2238de3cfb"},
    {file = "urllib3-1.24.3.tar.gz", hash = "sha256:2393a695cd12afedd0dcb26fe5d50d0cf248e5a66f75dbd89a3d4eb333a61af4"},
]
xmltodict = [
    {file = "xmltodict-0.11.0-py2.py3-none-any.whl", hash = "sha256:add07d92089ff611badec526912747cf87afd4f9447af6661aca074eeaf32615"},
    {file = "xmltodict-0.11.0.tar.gz", hash = "sha256:8f8d7d40aa28d83f4109a7e8aa86e67a4df202d9538be40c0cb1d70da527b0df"},
]
zeep = [
    {file = "zeep-4.2.1-py3-none-any.whl", hash = "sha256:6754feb4c34a4b6d65fbc359252bf6654dcce3937bf1d95aae4402a60a8f5939"},
    {file = "zeep-4.2.1.tar.gz", hash = "sha256:72093acfdb1d8360ed400869b73fbf1882b95c4287f798084c42ee0c1ff0e425"},
]
zipp = [
    {file = "zipp-3.15.0-py3-none-any.whl", hash = "sha256:48904fc76a60e542af151aded95726c1a5c34ed43ab4134b597665c86d7ad556"},
    {file = "zipp-3.15.0.tar.gz", hash = "sha256:112929ad649da941c23de50f356a2b5570c954b65150642bccdd66bf194d224b"},
]
